{
  "version": 4,
  "terraform_version": "1.1.5",
  "serial": 577,
  "lineage": "cc37e9c1-d533-c214-504a-c4ed669a25ec",
  "outputs": {},
  "resources": [
    {
      "mode": "managed",
      "type": "azurerm_lb",
      "name": "api_lb",
      "provider": "provider[\"registry.terraform.io/hashicorp/azurerm\"]",
      "instances": [
        {
          "schema_version": 0,
          "attributes": {
            "edge_zone": "",
            "frontend_ip_configuration": [
              {
                "gateway_load_balancer_frontend_ip_configuration_id": "",
                "id": "/subscriptions/5dd2f516-6e2a-4242-9464-2c4549f43fa6/resourceGroups/Jupiter-RG/providers/Microsoft.Network/loadBalancers/API_LB/frontendIPConfigurations/API_LB_IP",
                "inbound_nat_rules": [],
                "load_balancer_rules": [
                  "/subscriptions/5dd2f516-6e2a-4242-9464-2c4549f43fa6/resourceGroups/Jupiter-RG/providers/Microsoft.Network/loadBalancers/API_LB/loadBalancingRules/LB_backend_rule"
                ],
                "name": "API_LB_IP",
                "outbound_rules": [],
                "private_ip_address": "10.0.2.4",
                "private_ip_address_allocation": "Dynamic",
                "private_ip_address_version": "IPv4",
                "public_ip_address_id": "",
                "public_ip_prefix_id": "",
                "subnet_id": "/subscriptions/5dd2f516-6e2a-4242-9464-2c4549f43fa6/resourceGroups/Jupiter-RG/providers/Microsoft.Network/virtualNetworks/Jupiter-network/subnets/api_subnet",
                "zones": []
              }
            ],
            "id": "/subscriptions/5dd2f516-6e2a-4242-9464-2c4549f43fa6/resourceGroups/Jupiter-RG/providers/Microsoft.Network/loadBalancers/API_LB",
            "location": "centralus",
            "name": "API_LB",
            "private_ip_address": "10.0.2.4",
            "private_ip_addresses": [
              "10.0.2.4"
            ],
            "resource_group_name": "Jupiter-RG",
            "sku": "Standard",
            "sku_tier": "Regional",
            "tags": {},
            "timeouts": null
          },
          "sensitive_attributes": [],
          "private": "eyJlMmJmYjczMC1lY2FhLTExZTYtOGY4OC0zNDM2M2JjN2M0YzAiOnsiY3JlYXRlIjoxODAwMDAwMDAwMDAwLCJkZWxldGUiOjE4MDAwMDAwMDAwMDAsInJlYWQiOjMwMDAwMDAwMDAwMCwidXBkYXRlIjoxODAwMDAwMDAwMDAwfX0=",
          "dependencies": [
            "azurerm_resource_group.example",
            "azurerm_subnet.api_lb_subnet",
            "azurerm_virtual_network.main"
          ]
        }
      ]
    },
    {
      "mode": "managed",
      "type": "azurerm_lb_probe",
      "name": "example",
      "provider": "provider[\"registry.terraform.io/hashicorp/azurerm\"]",
      "instances": [
        {
          "schema_version": 0,
          "attributes": {
            "id": "/subscriptions/5dd2f516-6e2a-4242-9464-2c4549f43fa6/resourceGroups/Jupiter-RG/providers/Microsoft.Network/loadBalancers/API_LB/probes/port-8080-probe",
            "interval_in_seconds": 15,
            "load_balancer_rules": [
              "/subscriptions/5dd2f516-6e2a-4242-9464-2c4549f43fa6/resourceGroups/Jupiter-RG/providers/Microsoft.Network/loadBalancers/API_LB/loadBalancingRules/LB_backend_rule"
            ],
            "loadbalancer_id": "/subscriptions/5dd2f516-6e2a-4242-9464-2c4549f43fa6/resourceGroups/Jupiter-RG/providers/Microsoft.Network/loadBalancers/API_LB",
            "name": "port-8080-probe",
            "number_of_probes": 2,
            "port": 8080,
            "protocol": "Tcp",
            "request_path": "",
            "timeouts": null
          },
          "sensitive_attributes": [],
          "private": "eyJlMmJmYjczMC1lY2FhLTExZTYtOGY4OC0zNDM2M2JjN2M0YzAiOnsiY3JlYXRlIjoxODAwMDAwMDAwMDAwLCJkZWxldGUiOjE4MDAwMDAwMDAwMDAsInJlYWQiOjMwMDAwMDAwMDAwMCwidXBkYXRlIjoxODAwMDAwMDAwMDAwfX0=",
          "dependencies": [
            "azurerm_lb.api_lb",
            "azurerm_resource_group.example",
            "azurerm_subnet.api_lb_subnet",
            "azurerm_virtual_network.main"
          ]
        }
      ]
    },
    {
      "mode": "managed",
      "type": "azurerm_network_interface",
      "name": "bastion",
      "provider": "provider[\"registry.terraform.io/hashicorp/azurerm\"]",
      "instances": [
        {
          "schema_version": 0,
          "attributes": {
            "applied_dns_servers": [],
            "dns_servers": [],
            "edge_zone": "",
            "enable_accelerated_networking": false,
            "enable_ip_forwarding": false,
            "id": "/subscriptions/5dd2f516-6e2a-4242-9464-2c4549f43fa6/resourceGroups/Jupiter-RG/providers/Microsoft.Network/networkInterfaces/Jupiter-Bastion-Network-Interface",
            "internal_dns_name_label": "",
            "internal_domain_name_suffix": "exisl3ezukyeffzwozwnenbulf.gx.internal.cloudapp.net",
            "ip_configuration": [
              {
                "gateway_load_balancer_frontend_ip_configuration_id": "",
                "name": "bastion-ip-config",
                "primary": true,
                "private_ip_address": "10.0.4.4",
                "private_ip_address_allocation": "Dynamic",
                "private_ip_address_version": "IPv4",
                "public_ip_address_id": "/subscriptions/5dd2f516-6e2a-4242-9464-2c4549f43fa6/resourceGroups/Jupiter-RG/providers/Microsoft.Network/publicIPAddresses/Bastion_IP",
                "subnet_id": "/subscriptions/5dd2f516-6e2a-4242-9464-2c4549f43fa6/resourceGroups/Jupiter-RG/providers/Microsoft.Network/virtualNetworks/Jupiter-network/subnets/bastion_subnet"
              }
            ],
            "location": "centralus",
            "mac_address": "00-0D-3A-42-A5-6D",
            "name": "Jupiter-Bastion-Network-Interface",
            "private_ip_address": "10.0.4.4",
            "private_ip_addresses": [
              "10.0.4.4"
            ],
            "resource_group_name": "Jupiter-RG",
            "tags": {},
            "timeouts": null,
            "virtual_machine_id": "/subscriptions/5dd2f516-6e2a-4242-9464-2c4549f43fa6/resourceGroups/Jupiter-RG/providers/Microsoft.Compute/virtualMachines/Bastion-VM"
          },
          "sensitive_attributes": [],
          "private": "eyJlMmJmYjczMC1lY2FhLTExZTYtOGY4OC0zNDM2M2JjN2M0YzAiOnsiY3JlYXRlIjoxODAwMDAwMDAwMDAwLCJkZWxldGUiOjE4MDAwMDAwMDAwMDAsInJlYWQiOjMwMDAwMDAwMDAwMCwidXBkYXRlIjoxODAwMDAwMDAwMDAwfX0=",
          "dependencies": [
            "azurerm_public_ip.bastion_ip",
            "azurerm_resource_group.example",
            "azurerm_subnet.bastion_subnet",
            "azurerm_virtual_network.main"
          ]
        }
      ]
    },
    {
      "mode": "managed",
      "type": "azurerm_network_interface_security_group_association",
      "name": "bastion",
      "provider": "provider[\"registry.terraform.io/hashicorp/azurerm\"]",
      "instances": [
        {
          "schema_version": 0,
          "attributes": {
            "id": "/subscriptions/5dd2f516-6e2a-4242-9464-2c4549f43fa6/resourceGroups/Jupiter-RG/providers/Microsoft.Network/networkInterfaces/Jupiter-Bastion-Network-Interface|/subscriptions/5dd2f516-6e2a-4242-9464-2c4549f43fa6/resourceGroups/Jupiter-RG/providers/Microsoft.Network/networkSecurityGroups/JupiterSecurityGroup1",
            "network_interface_id": "/subscriptions/5dd2f516-6e2a-4242-9464-2c4549f43fa6/resourceGroups/Jupiter-RG/providers/Microsoft.Network/networkInterfaces/Jupiter-Bastion-Network-Interface",
            "network_security_group_id": "/subscriptions/5dd2f516-6e2a-4242-9464-2c4549f43fa6/resourceGroups/Jupiter-RG/providers/Microsoft.Network/networkSecurityGroups/JupiterSecurityGroup1",
            "timeouts": null
          },
          "sensitive_attributes": [],
          "private": "eyJlMmJmYjczMC1lY2FhLTExZTYtOGY4OC0zNDM2M2JjN2M0YzAiOnsiY3JlYXRlIjoxODAwMDAwMDAwMDAwLCJkZWxldGUiOjE4MDAwMDAwMDAwMDAsInJlYWQiOjMwMDAwMDAwMDAwMCwidXBkYXRlIjoxODAwMDAwMDAwMDAwfX0=",
          "dependencies": [
            "azurerm_network_interface.bastion",
            "azurerm_network_security_group.Jupiter_SG",
            "azurerm_public_ip.bastion_ip",
            "azurerm_resource_group.example",
            "azurerm_subnet.bastion_subnet",
            "azurerm_virtual_network.main"
          ]
        }
      ]
    },
    {
      "mode": "managed",
      "type": "azurerm_network_security_group",
      "name": "Jupiter_SG",
      "provider": "provider[\"registry.terraform.io/hashicorp/azurerm\"]",
      "instances": [
        {
          "schema_version": 0,
          "attributes": {
            "id": "/subscriptions/5dd2f516-6e2a-4242-9464-2c4549f43fa6/resourceGroups/Jupiter-RG/providers/Microsoft.Network/networkSecurityGroups/JupiterSecurityGroup1",
            "location": "centralus",
            "name": "JupiterSecurityGroup1",
            "resource_group_name": "Jupiter-RG",
            "security_rule": [
              {
                "access": "Allow",
                "description": "",
                "destination_address_prefix": "*",
                "destination_address_prefixes": [],
                "destination_application_security_group_ids": [],
                "destination_port_range": "22",
                "destination_port_ranges": [],
                "direction": "Inbound",
                "name": "SSH",
                "priority": 300,
                "protocol": "Tcp",
                "source_address_prefix": "*",
                "source_address_prefixes": [],
                "source_application_security_group_ids": [],
                "source_port_range": "*",
                "source_port_ranges": []
              },
              {
                "access": "Allow",
                "description": "",
                "destination_address_prefix": "*",
                "destination_address_prefixes": [],
                "destination_application_security_group_ids": [],
                "destination_port_range": "80",
                "destination_port_ranges": [],
                "direction": "Inbound",
                "name": "HTTP",
                "priority": 310,
                "protocol": "Tcp",
                "source_address_prefix": "*",
                "source_address_prefixes": [],
                "source_application_security_group_ids": [],
                "source_port_range": "*",
                "source_port_ranges": []
              },
              {
                "access": "Allow",
                "description": "",
                "destination_address_prefix": "*",
                "destination_address_prefixes": [],
                "destination_application_security_group_ids": [],
                "destination_port_range": "8080",
                "destination_port_ranges": [],
                "direction": "Inbound",
                "name": "Port8080",
                "priority": 320,
                "protocol": "Tcp",
                "source_address_prefix": "*",
                "source_address_prefixes": [],
                "source_application_security_group_ids": [],
                "source_port_range": "*",
                "source_port_ranges": []
              }
            ],
            "tags": {
              "Terraform": "true",
              "environment": "Production"
            },
            "timeouts": null
          },
          "sensitive_attributes": [],
          "private": "eyJlMmJmYjczMC1lY2FhLTExZTYtOGY4OC0zNDM2M2JjN2M0YzAiOnsiY3JlYXRlIjoxODAwMDAwMDAwMDAwLCJkZWxldGUiOjE4MDAwMDAwMDAwMDAsInJlYWQiOjMwMDAwMDAwMDAwMCwidXBkYXRlIjoxODAwMDAwMDAwMDAwfX0=",
          "dependencies": [
            "azurerm_resource_group.example"
          ]
        }
      ]
    },
    {
      "mode": "managed",
      "type": "azurerm_public_ip",
      "name": "bastion_ip",
      "provider": "provider[\"registry.terraform.io/hashicorp/azurerm\"]",
      "instances": [
        {
          "schema_version": 0,
          "attributes": {
            "allocation_method": "Dynamic",
            "domain_name_label": null,
            "edge_zone": "",
            "fqdn": null,
            "id": "/subscriptions/5dd2f516-6e2a-4242-9464-2c4549f43fa6/resourceGroups/Jupiter-RG/providers/Microsoft.Network/publicIPAddresses/Bastion_IP",
            "idle_timeout_in_minutes": 4,
            "ip_address": "13.67.207.199",
            "ip_tags": {},
            "ip_version": "IPv4",
            "location": "centralus",
            "name": "Bastion_IP",
            "public_ip_prefix_id": null,
            "resource_group_name": "Jupiter-RG",
            "reverse_fqdn": null,
            "sku": "Basic",
            "sku_tier": "Regional",
            "tags": {
              "Name": "Bastion_IP",
              "environment": "Production"
            },
            "timeouts": null,
            "zones": []
          },
          "sensitive_attributes": [],
          "private": "eyJlMmJmYjczMC1lY2FhLTExZTYtOGY4OC0zNDM2M2JjN2M0YzAiOnsiY3JlYXRlIjoxODAwMDAwMDAwMDAwLCJkZWxldGUiOjE4MDAwMDAwMDAwMDAsInJlYWQiOjMwMDAwMDAwMDAwMCwidXBkYXRlIjoxODAwMDAwMDAwMDAwfX0=",
          "dependencies": [
            "azurerm_resource_group.example"
          ]
        }
      ]
    },
    {
      "mode": "managed",
      "type": "azurerm_resource_group",
      "name": "example",
      "provider": "provider[\"registry.terraform.io/hashicorp/azurerm\"]",
      "instances": [
        {
          "schema_version": 0,
          "attributes": {
            "id": "/subscriptions/5dd2f516-6e2a-4242-9464-2c4549f43fa6/resourceGroups/Jupiter-RG",
            "location": "centralus",
            "name": "Jupiter-RG",
            "tags": {},
            "timeouts": null
          },
          "sensitive_attributes": [],
          "private": "eyJlMmJmYjczMC1lY2FhLTExZTYtOGY4OC0zNDM2M2JjN2M0YzAiOnsiY3JlYXRlIjo1NDAwMDAwMDAwMDAwLCJkZWxldGUiOjU0MDAwMDAwMDAwMDAsInJlYWQiOjMwMDAwMDAwMDAwMCwidXBkYXRlIjo1NDAwMDAwMDAwMDAwfX0="
        }
      ]
    },
    {
      "mode": "managed",
      "type": "azurerm_subnet",
      "name": "api_lb_subnet",
      "provider": "provider[\"registry.terraform.io/hashicorp/azurerm\"]",
      "instances": [
        {
          "schema_version": 0,
          "attributes": {
            "address_prefixes": [
              "10.0.2.0/24"
            ],
            "delegation": [],
            "enforce_private_link_endpoint_network_policies": false,
            "enforce_private_link_service_network_policies": false,
            "id": "/subscriptions/5dd2f516-6e2a-4242-9464-2c4549f43fa6/resourceGroups/Jupiter-RG/providers/Microsoft.Network/virtualNetworks/Jupiter-network/subnets/api_subnet",
            "name": "api_subnet",
            "resource_group_name": "Jupiter-RG",
            "service_endpoint_policy_ids": [],
            "service_endpoints": [],
            "timeouts": null,
            "virtual_network_name": "Jupiter-network"
          },
          "sensitive_attributes": [],
          "private": "eyJlMmJmYjczMC1lY2FhLTExZTYtOGY4OC0zNDM2M2JjN2M0YzAiOnsiY3JlYXRlIjoxODAwMDAwMDAwMDAwLCJkZWxldGUiOjE4MDAwMDAwMDAwMDAsInJlYWQiOjMwMDAwMDAwMDAwMCwidXBkYXRlIjoxODAwMDAwMDAwMDAwfX0=",
          "dependencies": [
            "azurerm_resource_group.example",
            "azurerm_virtual_network.main"
          ]
        }
      ]
    },
    {
      "mode": "managed",
      "type": "azurerm_subnet",
      "name": "app_gateway_subnet",
      "provider": "provider[\"registry.terraform.io/hashicorp/azurerm\"]",
      "instances": [
        {
          "schema_version": 0,
          "attributes": {
            "address_prefixes": [
              "10.0.1.0/24"
            ],
            "delegation": [],
            "enforce_private_link_endpoint_network_policies": false,
            "enforce_private_link_service_network_policies": false,
            "id": "/subscriptions/5dd2f516-6e2a-4242-9464-2c4549f43fa6/resourceGroups/Jupiter-RG/providers/Microsoft.Network/virtualNetworks/Jupiter-network/subnets/app_gateway_subnet",
            "name": "app_gateway_subnet",
            "resource_group_name": "Jupiter-RG",
            "service_endpoint_policy_ids": [],
            "service_endpoints": [],
            "timeouts": null,
            "virtual_network_name": "Jupiter-network"
          },
          "sensitive_attributes": [],
          "private": "eyJlMmJmYjczMC1lY2FhLTExZTYtOGY4OC0zNDM2M2JjN2M0YzAiOnsiY3JlYXRlIjoxODAwMDAwMDAwMDAwLCJkZWxldGUiOjE4MDAwMDAwMDAwMDAsInJlYWQiOjMwMDAwMDAwMDAwMCwidXBkYXRlIjoxODAwMDAwMDAwMDAwfX0=",
          "dependencies": [
            "azurerm_resource_group.example",
            "azurerm_virtual_network.main"
          ]
        }
      ]
    },
    {
      "mode": "managed",
      "type": "azurerm_subnet",
      "name": "bastion_subnet",
      "provider": "provider[\"registry.terraform.io/hashicorp/azurerm\"]",
      "instances": [
        {
          "schema_version": 0,
          "attributes": {
            "address_prefixes": [
              "10.0.4.0/24"
            ],
            "delegation": [],
            "enforce_private_link_endpoint_network_policies": false,
            "enforce_private_link_service_network_policies": false,
            "id": "/subscriptions/5dd2f516-6e2a-4242-9464-2c4549f43fa6/resourceGroups/Jupiter-RG/providers/Microsoft.Network/virtualNetworks/Jupiter-network/subnets/bastion_subnet",
            "name": "bastion_subnet",
            "resource_group_name": "Jupiter-RG",
            "service_endpoint_policy_ids": [],
            "service_endpoints": [],
            "timeouts": null,
            "virtual_network_name": "Jupiter-network"
          },
          "sensitive_attributes": [],
          "private": "eyJlMmJmYjczMC1lY2FhLTExZTYtOGY4OC0zNDM2M2JjN2M0YzAiOnsiY3JlYXRlIjoxODAwMDAwMDAwMDAwLCJkZWxldGUiOjE4MDAwMDAwMDAwMDAsInJlYWQiOjMwMDAwMDAwMDAwMCwidXBkYXRlIjoxODAwMDAwMDAwMDAwfX0=",
          "dependencies": [
            "azurerm_resource_group.example",
            "azurerm_virtual_network.main"
          ]
        }
      ]
    },
    {
      "mode": "managed",
      "type": "azurerm_virtual_network",
      "name": "main",
      "provider": "provider[\"registry.terraform.io/hashicorp/azurerm\"]",
      "instances": [
        {
          "schema_version": 0,
          "attributes": {
            "address_space": [
              "10.0.0.0/16"
            ],
            "bgp_community": "",
            "ddos_protection_plan": [],
            "dns_servers": [],
            "edge_zone": "",
            "flow_timeout_in_minutes": 0,
            "guid": "f425d125-a299-42b0-9736-766cd234345d",
            "id": "/subscriptions/5dd2f516-6e2a-4242-9464-2c4549f43fa6/resourceGroups/Jupiter-RG/providers/Microsoft.Network/virtualNetworks/Jupiter-network",
            "location": "centralus",
            "name": "Jupiter-network",
            "resource_group_name": "Jupiter-RG",
            "subnet": [
              {
                "address_prefix": "10.0.1.0/24",
                "id": "/subscriptions/5dd2f516-6e2a-4242-9464-2c4549f43fa6/resourceGroups/Jupiter-RG/providers/Microsoft.Network/virtualNetworks/Jupiter-network/subnets/app_gateway_subnet",
                "name": "app_gateway_subnet",
                "security_group": ""
              },
              {
                "address_prefix": "10.0.2.0/24",
                "id": "/subscriptions/5dd2f516-6e2a-4242-9464-2c4549f43fa6/resourceGroups/Jupiter-RG/providers/Microsoft.Network/virtualNetworks/Jupiter-network/subnets/api_subnet",
                "name": "api_subnet",
                "security_group": ""
              },
              {
                "address_prefix": "10.0.3.0/24",
                "id": "/subscriptions/5dd2f516-6e2a-4242-9464-2c4549f43fa6/resourceGroups/Jupiter-RG/providers/Microsoft.Network/virtualNetworks/Jupiter-network/subnets/db_subnet",
                "name": "db_subnet",
                "security_group": ""
              },
              {
                "address_prefix": "10.0.4.0/24",
                "id": "/subscriptions/5dd2f516-6e2a-4242-9464-2c4549f43fa6/resourceGroups/Jupiter-RG/providers/Microsoft.Network/virtualNetworks/Jupiter-network/subnets/bastion_subnet",
                "name": "bastion_subnet",
                "security_group": ""
              },
              {
                "address_prefix": "10.0.5.0/24",
                "id": "/subscriptions/5dd2f516-6e2a-4242-9464-2c4549f43fa6/resourceGroups/Jupiter-RG/providers/Microsoft.Network/virtualNetworks/Jupiter-network/subnets/api_subnet_pvt",
                "name": "api_subnet_pvt",
                "security_group": ""
              },
              {
                "address_prefix": "10.0.6.0/24",
                "id": "/subscriptions/5dd2f516-6e2a-4242-9464-2c4549f43fa6/resourceGroups/Jupiter-RG/providers/Microsoft.Network/virtualNetworks/Jupiter-network/subnets/frontend_subnet_pvt",
                "name": "frontend_subnet_pvt",
                "security_group": ""
              }
            ],
            "tags": {},
            "timeouts": null
          },
          "sensitive_attributes": [],
          "private": "eyJlMmJmYjczMC1lY2FhLTExZTYtOGY4OC0zNDM2M2JjN2M0YzAiOnsiY3JlYXRlIjoxODAwMDAwMDAwMDAwLCJkZWxldGUiOjE4MDAwMDAwMDAwMDAsInJlYWQiOjMwMDAwMDAwMDAwMCwidXBkYXRlIjoxODAwMDAwMDAwMDAwfX0=",
          "dependencies": [
            "azurerm_resource_group.example"
          ]
        }
      ]
    }
  ]
}
